
Microsoft Visual Studio Solution File, Format Version 12.00
# Visual Studio Version 17
VisualStudioVersion = 17.5.002.0
MinimumVisualStudioVersion = 10.0.40219.1
Project("{9A19103F-16F7-4668-BE54-9A1E7A4F7556}") = "SegundoDesafio", "SegundoDesafio.csproj", "{2DE8B870-E6CB-4B40-A0EE-5A9D53ED328C}"
EndProject
Global
	GlobalSection(SolutionConfigurationPlatforms) = preSolution
		Debug|Any CPU = Debug|Any CPU
		Release|Any CPU = Release|Any CPU
	EndGlobalSection
	GlobalSection(ProjectConfigurationPlatforms) = postSolution
		{2DE8B870-E6CB-4B40-A0EE-5A9D53ED328C}.Debug|Any CPU.ActiveCfg = Debug|Any CPU
		{2DE8B870-E6CB-4B40-A0EE-5A9D53ED328C}.Debug|Any CPU.Build.0 = Debug|Any CPU
		{2DE8B870-E6CB-4B40-A0EE-5A9D53ED328C}.Release|Any CPU.ActiveCfg = Release|Any CPU
		{2DE8B870-E6CB-4B40-A0EE-5A9D53ED328C}.Release|Any CPU.Build.0 = Release|Any CPU
	EndGlobalSection
	GlobalSection(SolutionProperties) = preSolution
		HideSolutionNode = FALSE
	EndGlobalSection
	GlobalSection(ExtensibilityGlobals) = postSolution
		SolutionGuid = {FD69F52C-0367-43CE-9022-39CD45A2B32D}
	EndGlobalSection
EndGlobal
